{
  "version": 4,
  "terraform_version": "1.15.4",
  "serial": 32,
  "lineage": "a12d1cdb-b20a-451d-9d98-cefdc08894be",
  "outputs": {
    "cluster_ca_certificate": {
      "value": "LS0tLS1CRUdJTiBDRVJUSUZJQ0FURS0tLS0tCk1JSURCVENDQWUyZ0F3SUJBZ0lJRUJmOXZZWGJ6eWd3RFFZSktvWklodmNOQVFFTEJRQXdGVEVUTUJFR0ExVUUKQXhNS2EzVmlaWEp1WlhSbGN6QWVGdzB5TmpBMk1ERXdNVEl6TWpWYUZ3MHpOakExTWprd01USTRNalZhTUJVeApFekFSQmdOVkJBTVRDbXQxWW1WeWJtVjBaWE13Z2dFaU1BMEdDU3FHU0liM0RRRUJBUVVBQTRJQkR3QXdnZ0VLCkFvSUJBUUNrcEFnbzJKUklaeUpaUTNhNERTT1BUZFRGblpUbm9ZdFU0UHpvYm5xdWIrVVpjaG9ETW1YWGZQcXYKYmZheFZmV0Z1blZadW5Nb2hwRGE5TGYzUkoxcXFEYkhBZzcrdXFLaDRtdWwrSEpYaklvWDRFQVd6eGovUnVXdgpYenE4Q0JVaWtaYnAyQnN1WHFFdG1JM01QTkhQeFBwUzNxMk1SczluR3RsQ1V4NFZVTEFwbjN5TTZjeVlUNk1VCkVlc0wzc3hGRkU4L09rQ09Ic1YzdElrMWNrMUc5L21EUXZDTnAvR0c2eFkvWGFSQWhvczFFS2xTZ1hrYUYyc0wKVVlLNHlnV256bWhZVUJkUm5ndWlUTUNwdC9NTVZXY2lWaTRoY08wVGQxRk1OWE05QmpMdVdnMEMvTVF5REhSMAo4VTl0WDFYekVycUJJNjVxNlRvdVR4dk82ZWhkQWdNQkFBR2pXVEJYTUE0R0ExVWREd0VCL3dRRUF3SUNwREFQCkJnTlZIUk1CQWY4RUJUQURBUUgvTUIwR0ExVWREZ1FXQkJSSTdOdHlIWjlOTDFTOTVKdFJSZlJHQTdTOWlUQVYKQmdOVkhSRUVEakFNZ2dwcmRXSmxjbTVsZEdWek1BMEdDU3FHU0liM0RRRUJDd1VBQTRJQkFRQjJDNnhOWlZOSgpYZCtxenNpWURZejJzMXJXVkRORFZSL3lHWTZ3OGcrTW9Dd0ZHOE1KNUN1bXk0ZEFPSXQ3dmJoby9MdXB1QjZzCkRIVnk1ZUtCVFJTekI3endKN1dVcmZBWDZBclMwbXdHdUlQYXMxY2k0YjFHdkUya2J3eVI0QStwa3lzL2M5dFkKTUs3dmdGV2hwU0VsakViTUErcmF6dFhUUWhrMUR2dGdDOVJDZEtNNlB1T0ZQZWgvaEdnbXhkZmJLUm9XeHAyYQpQZWdvL3lCbXRFN3ZEeVlsR1hxMXZjMjdiMk5LMzlDd3ZLMjk1ZUljcjRvMDluUTN5NTJSR3RvMHhsbzBBdGtsCmZtcm05OS8rajlFMXFER1VpZWNndm5KSmhJSTdOOXpRcVF5bThSTEFQUHladXFmMDBuSzVtbVkxV3BSWklTZ2QKNTZpbXYyVFFQemhECi0tLS0tRU5EIENFUlRJRklDQVRFLS0tLS0K",
      "type": "string"
    },
    "cluster_endpoint": {
      "value": "https://03240FA6105B9BB5C3FBDC3D9DE1EAD2.gr7.us-east-1.eks.amazonaws.com",
      "type": "string"
    },
    "cluster_name": {
      "value": "omnibus-eks-cluster",
      "type": "string"
    },
    "ecr_repository_url_auth_service": {
      "value": "190444052124.dkr.ecr.us-east-1.amazonaws.com/auth-service",
      "type": "string"
    },
    "ecr_repository_url_frontend": {
      "value": "190444052124.dkr.ecr.us-east-1.amazonaws.com/frontend",
      "type": "string"
    },
    "ecr_repository_url_gateway": {
      "value": "190444052124.dkr.ecr.us-east-1.amazonaws.com/gateway",
      "type": "string"
    },
    "ecr_repository_url_inventory_service": {
      "value": "190444052124.dkr.ecr.us-east-1.amazonaws.com/inventory-service",
      "type": "string"
    },
    "ecr_repository_url_loyalty_service": {
      "value": "190444052124.dkr.ecr.us-east-1.amazonaws.com/loyalty-service",
      "type": "string"
    },
    "ecr_repository_url_menu_service": {
      "value": "190444052124.dkr.ecr.us-east-1.amazonaws.com/menu-service",
      "type": "string"
    },
    "ecr_repository_url_notification_service": {
      "value": "190444052124.dkr.ecr.us-east-1.amazonaws.com/notification-service",
      "type": "string"
    },
    "ecr_repository_url_order_service": {
      "value": "190444052124.dkr.ecr.us-east-1.amazonaws.com/order-service",
      "type": "string"
    }
  },
  "resources": [
    {
      "mode": "data",
      "type": "aws_availability_zones",
      "name": "available",
      "provider": "provider[\"registry.terraform.io/hashicorp/aws\"]",
      "instances": [
        {
          "schema_version": 0,
          "attributes": {
            "all_availability_zones": null,
            "exclude_names": null,
            "exclude_zone_ids": null,
            "filter": null,
            "group_names": [
              "us-east-1-zg-1"
            ],
            "id": "us-east-1",
            "names": [
              "us-east-1a",
              "us-east-1b",
              "us-east-1c",
              "us-east-1d",
              "us-east-1e",
              "us-east-1f"
            ],
            "state": null,
            "timeouts": null,
            "zone_ids": [
              "use1-az1",
              "use1-az2",
              "use1-az4",
              "use1-az6",
              "use1-az3",
              "use1-az5"
            ]
          },
          "sensitive_attributes": [],
          "identity_schema_version": 0
        }
      ]
    },
    {
      "mode": "data",
      "type": "aws_caller_identity",
      "name": "current",
      "provider": "provider[\"registry.terraform.io/hashicorp/aws\"]",
      "instances": [
        {
          "schema_version": 0,
          "attributes": {
            "account_id": "190444052124",
            "arn": "arn:aws:iam::190444052124:user/hotel-terraform",
            "id": "190444052124",
            "user_id": "AIDASYV2ZT2OCYV67XZ7N"
          },
          "sensitive_attributes": [],
          "identity_schema_version": 0
        }
      ]
    },
    {
      "mode": "data",
      "type": "aws_eks_cluster_auth",
      "name": "main",
      "provider": "provider[\"registry.terraform.io/hashicorp/aws\"]",
      "instances": [
        {
          "schema_version": 0,
          "attributes": {
            "id": "omnibus-eks-cluster",
            "name": "omnibus-eks-cluster",
            "token": "k8s-aws-v1.aHR0cHM6Ly9zdHMudXMtZWFzdC0xLmFtYXpvbmF3cy5jb20vP0FjdGlvbj1HZXRDYWxsZXJJZGVudGl0eSZWZXJzaW9uPTIwMTEtMDYtMTUmWC1BbXotQWxnb3JpdGhtPUFXUzQtSE1BQy1TSEEyNTYmWC1BbXotQ3JlZGVudGlhbD1BS0lBU1lWMlpUMk9KM01VRVdMUyUyRjIwMjYwNjAxJTJGdXMtZWFzdC0xJTJGc3RzJTJGYXdzNF9yZXF1ZXN0JlgtQW16LURhdGU9MjAyNjA2MDFUMDEyOTU3WiZYLUFtei1FeHBpcmVzPTAmWC1BbXotU2lnbmVkSGVhZGVycz1ob3N0JTNCeC1rOHMtYXdzLWlkJlgtQW16LVNpZ25hdHVyZT04MWU0NGNjMTRmODFlNTg1ZjYxMGY2YTkwM2NiNzczMzk3OGU5MmQyM2QyNWZlYTEyMTJjYmY0ZTY3N2M4ZGRk"
          },
          "sensitive_attributes": [
            [
              {
                "type": "get_attr",
                "value": "token"
              }
            ]
          ],
          "identity_schema_version": 0
        }
      ]
    },
    {
      "mode": "managed",
      "type": "aws_ecr_repository",
      "name": "repos",
      "provider": "provider[\"registry.terraform.io/hashicorp/aws\"]",
      "instances": [
        {
          "index_key": "auth-service",
          "schema_version": 0,
          "attributes": {
            "arn": "arn:aws:ecr:us-east-1:190444052124:repository/auth-service",
            "encryption_configuration": [
              {
                "encryption_type": "AES256",
                "kms_key": ""
              }
            ],
            "force_delete": null,
            "id": "auth-service",
            "image_scanning_configuration": [
              {
                "scan_on_push": false
              }
            ],
            "image_tag_mutability": "MUTABLE",
            "name": "auth-service",
            "registry_id": "190444052124",
            "repository_url": "190444052124.dkr.ecr.us-east-1.amazonaws.com/auth-service",
            "tags": {
              "Name": "omnibus-eks-cluster-auth-service"
            },
            "tags_all": {
              "Name": "omnibus-eks-cluster-auth-service"
            },
            "timeouts": null
          },
          "sensitive_attributes": [],
          "identity_schema_version": 0,
          "private": "eyJlMmJmYjczMC1lY2FhLTExZTYtOGY4OC0zNDM2M2JjN2M0YzAiOnsiZGVsZXRlIjoxMjAwMDAwMDAwMDAwfX0="
        },
        {
          "index_key": "frontend",
          "schema_version": 0,
          "attributes": {
            "arn": "arn:aws:ecr:us-east-1:190444052124:repository/frontend",
            "encryption_configuration": [
              {
                "encryption_type": "AES256",
                "kms_key": ""
              }
            ],
            "force_delete": null,
            "id": "frontend",
            "image_scanning_configuration": [
              {
                "scan_on_push": false
              }
            ],
            "image_tag_mutability": "MUTABLE",
            "name": "frontend",
            "registry_id": "190444052124",
            "repository_url": "190444052124.dkr.ecr.us-east-1.amazonaws.com/frontend",
            "tags": {
              "Name": "omnibus-eks-cluster-frontend"
            },
            "tags_all": {
              "Name": "omnibus-eks-cluster-frontend"
            },
            "timeouts": null
          },
          "sensitive_attributes": [],
          "identity_schema_version": 0,
          "private": "eyJlMmJmYjczMC1lY2FhLTExZTYtOGY4OC0zNDM2M2JjN2M0YzAiOnsiZGVsZXRlIjoxMjAwMDAwMDAwMDAwfX0="
        },
        {
          "index_key": "gateway",
          "schema_version": 0,
          "attributes": {
            "arn": "arn:aws:ecr:us-east-1:190444052124:repository/gateway",
            "encryption_configuration": [
              {
                "encryption_type": "AES256",
                "kms_key": ""
              }
            ],
            "force_delete": null,
            "id": "gateway",
            "image_scanning_configuration": [
              {
                "scan_on_push": false
              }
            ],
            "image_tag_mutability": "MUTABLE",
            "name": "gateway",
            "registry_id": "190444052124",
            "repository_url": "190444052124.dkr.ecr.us-east-1.amazonaws.com/gateway",
            "tags": {
              "Name": "omnibus-eks-cluster-gateway"
            },
            "tags_all": {
              "Name": "omnibus-eks-cluster-gateway"
            },
            "timeouts": null
          },
          "sensitive_attributes": [],
          "identity_schema_version": 0,
          "private": "eyJlMmJmYjczMC1lY2FhLTExZTYtOGY4OC0zNDM2M2JjN2M0YzAiOnsiZGVsZXRlIjoxMjAwMDAwMDAwMDAwfX0="
        },
        {
          "index_key": "inventory-service",
          "schema_version": 0,
          "attributes": {
            "arn": "arn:aws:ecr:us-east-1:190444052124:repository/inventory-service",
            "encryption_configuration": [
              {
                "encryption_type": "AES256",
                "kms_key": ""
              }
            ],
            "force_delete": null,
            "id": "inventory-service",
            "image_scanning_configuration": [
              {
                "scan_on_push": false
              }
            ],
            "image_tag_mutability": "MUTABLE",
            "name": "inventory-service",
            "registry_id": "190444052124",
            "repository_url": "190444052124.dkr.ecr.us-east-1.amazonaws.com/inventory-service",
            "tags": {
              "Name": "omnibus-eks-cluster-inventory-service"
            },
            "tags_all": {
              "Name": "omnibus-eks-cluster-inventory-service"
            },
            "timeouts": null
          },
          "sensitive_attributes": [],
          "identity_schema_version": 0,
          "private": "eyJlMmJmYjczMC1lY2FhLTExZTYtOGY4OC0zNDM2M2JjN2M0YzAiOnsiZGVsZXRlIjoxMjAwMDAwMDAwMDAwfX0="
        },
        {
          "index_key": "loyalty-service",
          "schema_version": 0,
          "attributes": {
            "arn": "arn:aws:ecr:us-east-1:190444052124:repository/loyalty-service",
            "encryption_configuration": [
              {
                "encryption_type": "AES256",
                "kms_key": ""
              }
            ],
            "force_delete": null,
            "id": "loyalty-service",
            "image_scanning_configuration": [
              {
                "scan_on_push": false
              }
            ],
            "image_tag_mutability": "MUTABLE",
            "name": "loyalty-service",
            "registry_id": "190444052124",
            "repository_url": "190444052124.dkr.ecr.us-east-1.amazonaws.com/loyalty-service",
            "tags": {
              "Name": "omnibus-eks-cluster-loyalty-service"
            },
            "tags_all": {
              "Name": "omnibus-eks-cluster-loyalty-service"
            },
            "timeouts": null
          },
          "sensitive_attributes": [],
          "identity_schema_version": 0,
          "private": "eyJlMmJmYjczMC1lY2FhLTExZTYtOGY4OC0zNDM2M2JjN2M0YzAiOnsiZGVsZXRlIjoxMjAwMDAwMDAwMDAwfX0="
        },
        {
          "index_key": "menu-service",
          "schema_version": 0,
          "attributes": {
            "arn": "arn:aws:ecr:us-east-1:190444052124:repository/menu-service",
            "encryption_configuration": [
              {
                "encryption_type": "AES256",
                "kms_key": ""
              }
            ],
            "force_delete": null,
            "id": "menu-service",
            "image_scanning_configuration": [
              {
                "scan_on_push": false
              }
            ],
            "image_tag_mutability": "MUTABLE",
            "name": "menu-service",
            "registry_id": "190444052124",
            "repository_url": "190444052124.dkr.ecr.us-east-1.amazonaws.com/menu-service",
            "tags": {
              "Name": "omnibus-eks-cluster-menu-service"
            },
            "tags_all": {
              "Name": "omnibus-eks-cluster-menu-service"
            },
            "timeouts": null
          },
          "sensitive_attributes": [],
          "identity_schema_version": 0,
          "private": "eyJlMmJmYjczMC1lY2FhLTExZTYtOGY4OC0zNDM2M2JjN2M0YzAiOnsiZGVsZXRlIjoxMjAwMDAwMDAwMDAwfX0="
        },
        {
          "index_key": "notification-service",
          "schema_version": 0,
          "attributes": {
            "arn": "arn:aws:ecr:us-east-1:190444052124:repository/notification-service",
            "encryption_configuration": [
              {
                "encryption_type": "AES256",
                "kms_key": ""
              }
            ],
            "force_delete": null,
            "id": "notification-service",
            "image_scanning_configuration": [
              {
                "scan_on_push": false
              }
            ],
            "image_tag_mutability": "MUTABLE",
            "name": "notification-service",
            "registry_id": "190444052124",
            "repository_url": "190444052124.dkr.ecr.us-east-1.amazonaws.com/notification-service",
            "tags": {
              "Name": "omnibus-eks-cluster-notification-service"
            },
            "tags_all": {
              "Name": "omnibus-eks-cluster-notification-service"
            },
            "timeouts": null
          },
          "sensitive_attributes": [],
          "identity_schema_version": 0,
          "private": "eyJlMmJmYjczMC1lY2FhLTExZTYtOGY4OC0zNDM2M2JjN2M0YzAiOnsiZGVsZXRlIjoxMjAwMDAwMDAwMDAwfX0="
        },
        {
          "index_key": "order-service",
          "schema_version": 0,
          "attributes": {
            "arn": "arn:aws:ecr:us-east-1:190444052124:repository/order-service",
            "encryption_configuration": [
              {
                "encryption_type": "AES256",
                "kms_key": ""
              }
            ],
            "force_delete": null,
            "id": "order-service",
            "image_scanning_configuration": [
              {
                "scan_on_push": false
              }
            ],
            "image_tag_mutability": "MUTABLE",
            "name": "order-service",
            "registry_id": "190444052124",
            "repository_url": "190444052124.dkr.ecr.us-east-1.amazonaws.com/order-service",
            "tags": {
              "Name": "omnibus-eks-cluster-order-service"
            },
            "tags_all": {
              "Name": "omnibus-eks-cluster-order-service"
            },
            "timeouts": null
          },
          "sensitive_attributes": [],
          "identity_schema_version": 0,
          "private": "eyJlMmJmYjczMC1lY2FhLTExZTYtOGY4OC0zNDM2M2JjN2M0YzAiOnsiZGVsZXRlIjoxMjAwMDAwMDAwMDAwfX0="
        }
      ]
    },
    {
      "mode": "managed",
      "type": "aws_eks_cluster",
      "name": "main",
      "provider": "provider[\"registry.terraform.io/hashicorp/aws\"]",
      "instances": [
        {
          "schema_version": 1,
          "attributes": {
            "access_config": [
              {
                "authentication_mode": "CONFIG_MAP",
                "bootstrap_cluster_creator_admin_permissions": true
              }
            ],
            "arn": "arn:aws:eks:us-east-1:190444052124:cluster/omnibus-eks-cluster",
            "bootstrap_self_managed_addons": true,
            "certificate_authority": [
              {
                "data": "LS0tLS1CRUdJTiBDRVJUSUZJQ0FURS0tLS0tCk1JSURCVENDQWUyZ0F3SUJBZ0lJRUJmOXZZWGJ6eWd3RFFZSktvWklodmNOQVFFTEJRQXdGVEVUTUJFR0ExVUUKQXhNS2EzVmlaWEp1WlhSbGN6QWVGdzB5TmpBMk1ERXdNVEl6TWpWYUZ3MHpOakExTWprd01USTRNalZhTUJVeApFekFSQmdOVkJBTVRDbXQxWW1WeWJtVjBaWE13Z2dFaU1BMEdDU3FHU0liM0RRRUJBUVVBQTRJQkR3QXdnZ0VLCkFvSUJBUUNrcEFnbzJKUklaeUpaUTNhNERTT1BUZFRGblpUbm9ZdFU0UHpvYm5xdWIrVVpjaG9ETW1YWGZQcXYKYmZheFZmV0Z1blZadW5Nb2hwRGE5TGYzUkoxcXFEYkhBZzcrdXFLaDRtdWwrSEpYaklvWDRFQVd6eGovUnVXdgpYenE4Q0JVaWtaYnAyQnN1WHFFdG1JM01QTkhQeFBwUzNxMk1SczluR3RsQ1V4NFZVTEFwbjN5TTZjeVlUNk1VCkVlc0wzc3hGRkU4L09rQ09Ic1YzdElrMWNrMUc5L21EUXZDTnAvR0c2eFkvWGFSQWhvczFFS2xTZ1hrYUYyc0wKVVlLNHlnV256bWhZVUJkUm5ndWlUTUNwdC9NTVZXY2lWaTRoY08wVGQxRk1OWE05QmpMdVdnMEMvTVF5REhSMAo4VTl0WDFYekVycUJJNjVxNlRvdVR4dk82ZWhkQWdNQkFBR2pXVEJYTUE0R0ExVWREd0VCL3dRRUF3SUNwREFQCkJnTlZIUk1CQWY4RUJUQURBUUgvTUIwR0ExVWREZ1FXQkJSSTdOdHlIWjlOTDFTOTVKdFJSZlJHQTdTOWlUQVYKQmdOVkhSRUVEakFNZ2dwcmRXSmxjbTVsZEdWek1BMEdDU3FHU0liM0RRRUJDd1VBQTRJQkFRQjJDNnhOWlZOSgpYZCtxenNpWURZejJzMXJXVkRORFZSL3lHWTZ3OGcrTW9Dd0ZHOE1KNUN1bXk0ZEFPSXQ3dmJoby9MdXB1QjZzCkRIVnk1ZUtCVFJTekI3endKN1dVcmZBWDZBclMwbXdHdUlQYXMxY2k0YjFHdkUya2J3eVI0QStwa3lzL2M5dFkKTUs3dmdGV2hwU0VsakViTUErcmF6dFhUUWhrMUR2dGdDOVJDZEtNNlB1T0ZQZWgvaEdnbXhkZmJLUm9XeHAyYQpQZWdvL3lCbXRFN3ZEeVlsR1hxMXZjMjdiMk5LMzlDd3ZLMjk1ZUljcjRvMDluUTN5NTJSR3RvMHhsbzBBdGtsCmZtcm05OS8rajlFMXFER1VpZWNndm5KSmhJSTdOOXpRcVF5bThSTEFQUHladXFmMDBuSzVtbVkxV3BSWklTZ2QKNTZpbXYyVFFQemhECi0tLS0tRU5EIENFUlRJRklDQVRFLS0tLS0K"
              }
            ],
            "cluster_id": null,
            "compute_config": [],
            "created_at": "2026-06-01T01:22:12Z",
            "enabled_cluster_log_types": null,
            "encryption_config": [],
            "endpoint": "https://03240FA6105B9BB5C3FBDC3D9DE1EAD2.gr7.us-east-1.eks.amazonaws.com",
            "force_update_version": null,
            "id": "omnibus-eks-cluster",
            "identity": [
              {
                "oidc": [
                  {
                    "issuer": "https://oidc.eks.us-east-1.amazonaws.com/id/03240FA6105B9BB5C3FBDC3D9DE1EAD2"
                  }
                ]
              }
            ],
            "kubernetes_network_config": [
              {
                "elastic_load_balancing": [
                  {
                    "enabled": false
                  }
                ],
                "ip_family": "ipv4",
                "service_ipv4_cidr": "172.20.0.0/16",
                "service_ipv6_cidr": ""
              }
            ],
            "name": "omnibus-eks-cluster",
            "outpost_config": [],
            "platform_version": "eks.13",
            "remote_network_config": [],
            "role_arn": "arn:aws:iam::190444052124:role/omnibus-eks-cluster-cluster-role",
            "status": "ACTIVE",
            "storage_config": [],
            "tags": null,
            "tags_all": {},
            "timeouts": null,
            "upgrade_policy": [
              {
                "support_type": "EXTENDED"
              }
            ],
            "version": "1.35",
            "vpc_config": [
              {
                "cluster_security_group_id": "sg-0ecc7649fd78eddd9",
                "endpoint_private_access": false,
                "endpoint_public_access": true,
                "public_access_cidrs": [
                  "0.0.0.0/0"
                ],
                "security_group_ids": [
                  "sg-0579e3f3620a6cf71"
                ],
                "subnet_ids": [
                  "subnet-000cd0eabbf1d2bb6",
                  "subnet-00ba81cccdea3453d",
                  "subnet-0e8f1a5476aae2726"
                ],
                "vpc_id": "vpc-02a7612f51e47914f"
              }
            ],
            "zonal_shift_config": []
          },
          "sensitive_attributes": [],
          "identity_schema_version": 0,
          "private": "eyJlMmJmYjczMC1lY2FhLTExZTYtOGY4OC0zNDM2M2JjN2M0YzAiOnsiY3JlYXRlIjoxODAwMDAwMDAwMDAwLCJkZWxldGUiOjkwMDAwMDAwMDAwMCwidXBkYXRlIjozNjAwMDAwMDAwMDAwfSwic2NoZW1hX3ZlcnNpb24iOiIxIn0=",
          "dependencies": [
            "aws_iam_role.eks_cluster_role",
            "aws_iam_role_policy_attachment.eks_cluster_AmazonEKSClusterPolicy",
            "aws_iam_role_policy_attachment.eks_cluster_AmazonEKSServicePolicy",
            "aws_security_group.eks_cluster",
            "aws_subnet.public",
            "aws_vpc.main",
            "data.aws_availability_zones.available"
          ]
        }
      ]
    },
    {
      "mode": "managed",
      "type": "aws_iam_role",
      "name": "eks_cluster_role",
      "provider": "provider[\"registry.terraform.io/hashicorp/aws\"]",
      "instances": [
        {
          "schema_version": 0,
          "attributes": {
            "arn": "arn:aws:iam::190444052124:role/omnibus-eks-cluster-cluster-role",
            "assume_role_policy": "{\"Statement\":[{\"Action\":\"sts:AssumeRole\",\"Effect\":\"Allow\",\"Principal\":{\"Service\":\"eks.amazonaws.com\"}}],\"Version\":\"2012-10-17\"}",
            "create_date": "2026-06-01T01:06:17Z",
            "description": "",
            "force_detach_policies": false,
            "id": "omnibus-eks-cluster-cluster-role",
            "inline_policy": [],
            "managed_policy_arns": [
              "arn:aws:iam::aws:policy/AmazonEKSClusterPolicy",
              "arn:aws:iam::aws:policy/AmazonEKSServicePolicy"
            ],
            "max_session_duration": 3600,
            "name": "omnibus-eks-cluster-cluster-role",
            "name_prefix": "",
            "path": "/",
            "permissions_boundary": "",
            "tags": {},
            "tags_all": {},
            "unique_id": "AROASYV2ZT2OG6TOYOW5J"
          },
          "sensitive_attributes": [],
          "identity_schema_version": 0,
          "private": "bnVsbA=="
        }
      ]
    },
    {
      "mode": "managed",
      "type": "aws_iam_role",
      "name": "node_group_role",
      "provider": "provider[\"registry.terraform.io/hashicorp/aws\"]",
      "instances": [
        {
          "schema_version": 0,
          "attributes": {
            "arn": "arn:aws:iam::190444052124:role/omnibus-eks-cluster-nodegroup-role",
            "assume_role_policy": "{\"Statement\":[{\"Action\":\"sts:AssumeRole\",\"Effect\":\"Allow\",\"Principal\":{\"Service\":\"ec2.amazonaws.com\"}}],\"Version\":\"2012-10-17\"}",
            "create_date": "2026-06-01T01:06:17Z",
            "description": "",
            "force_detach_policies": false,
            "id": "omnibus-eks-cluster-nodegroup-role",
            "inline_policy": [],
            "managed_policy_arns": [
              "arn:aws:iam::aws:policy/AmazonEC2ContainerRegistryReadOnly",
              "arn:aws:iam::aws:policy/AmazonEKSWorkerNodePolicy",
              "arn:aws:iam::aws:policy/AmazonEKS_CNI_Policy"
            ],
            "max_session_duration": 3600,
            "name": "omnibus-eks-cluster-nodegroup-role",
            "name_prefix": "",
            "path": "/",
            "permissions_boundary": "",
            "tags": {},
            "tags_all": {},
            "unique_id": "AROASYV2ZT2OBD2EP4SEL"
          },
          "sensitive_attributes": [],
          "identity_schema_version": 0,
          "private": "bnVsbA=="
        }
      ]
    },
    {
      "mode": "managed",
      "type": "aws_iam_role_policy_attachment",
      "name": "eks_cluster_AmazonEKSClusterPolicy",
      "provider": "provider[\"registry.terraform.io/hashicorp/aws\"]",
      "instances": [
        {
          "schema_version": 0,
          "attributes": {
            "id": "omnibus-eks-cluster-cluster-role-20260601010619909000000004",
            "policy_arn": "arn:aws:iam::aws:policy/AmazonEKSClusterPolicy",
            "role": "omnibus-eks-cluster-cluster-role"
          },
          "sensitive_attributes": [],
          "identity_schema_version": 0,
          "private": "bnVsbA==",
          "dependencies": [
            "aws_iam_role.eks_cluster_role"
          ]
        }
      ]
    },
    {
      "mode": "managed",
      "type": "aws_iam_role_policy_attachment",
      "name": "eks_cluster_AmazonEKSServicePolicy",
      "provider": "provider[\"registry.terraform.io/hashicorp/aws\"]",
      "instances": [
        {
          "schema_version": 0,
          "attributes": {
            "id": "omnibus-eks-cluster-cluster-role-20260601010619934500000005",
            "policy_arn": "arn:aws:iam::aws:policy/AmazonEKSServicePolicy",
            "role": "omnibus-eks-cluster-cluster-role"
          },
          "sensitive_attributes": [],
          "identity_schema_version": 0,
          "private": "bnVsbA==",
          "dependencies": [
            "aws_iam_role.eks_cluster_role"
          ]
        }
      ]
    },
    {
      "mode": "managed",
      "type": "aws_iam_role_policy_attachment",
      "name": "node_group_AmazonEC2ContainerRegistryReadOnly",
      "provider": "provider[\"registry.terraform.io/hashicorp/aws\"]",
      "instances": [
        {
          "schema_version": 0,
          "attributes": {
            "id": "omnibus-eks-cluster-nodegroup-role-20260601010619628400000002",
            "policy_arn": "arn:aws:iam::aws:policy/AmazonEC2ContainerRegistryReadOnly",
            "role": "omnibus-eks-cluster-nodegroup-role"
          },
          "sensitive_attributes": [],
          "identity_schema_version": 0,
          "private": "bnVsbA==",
          "dependencies": [
            "aws_iam_role.node_group_role"
          ]
        }
      ]
    },
    {
      "mode": "managed",
      "type": "aws_iam_role_policy_attachment",
      "name": "node_group_AmazonEKSWorkerNodePolicy",
      "provider": "provider[\"registry.terraform.io/hashicorp/aws\"]",
      "instances": [
        {
          "schema_version": 0,
          "attributes": {
            "id": "omnibus-eks-cluster-nodegroup-role-20260601010619642000000003",
            "policy_arn": "arn:aws:iam::aws:policy/AmazonEKSWorkerNodePolicy",
            "role": "omnibus-eks-cluster-nodegroup-role"
          },
          "sensitive_attributes": [],
          "identity_schema_version": 0,
          "private": "bnVsbA==",
          "dependencies": [
            "aws_iam_role.node_group_role"
          ]
        }
      ]
    },
    {
      "mode": "managed",
      "type": "aws_iam_role_policy_attachment",
      "name": "node_group_AmazonEKS_CNI_Policy",
      "provider": "provider[\"registry.terraform.io/hashicorp/aws\"]",
      "instances": [
        {
          "schema_version": 0,
          "attributes": {
            "id": "omnibus-eks-cluster-nodegroup-role-20260601010619058100000001",
            "policy_arn": "arn:aws:iam::aws:policy/AmazonEKS_CNI_Policy",
            "role": "omnibus-eks-cluster-nodegroup-role"
          },
          "sensitive_attributes": [],
          "identity_schema_version": 0,
          "private": "bnVsbA==",
          "dependencies": [
            "aws_iam_role.node_group_role"
          ]
        }
      ]
    },
    {
      "mode": "managed",
      "type": "aws_internet_gateway",
      "name": "main",
      "provider": "provider[\"registry.terraform.io/hashicorp/aws\"]",
      "instances": [
        {
          "schema_version": 0,
          "attributes": {
            "arn": "arn:aws:ec2:us-east-1:190444052124:internet-gateway/igw-08d0ee0afd4b35600",
            "id": "igw-08d0ee0afd4b35600",
            "owner_id": "190444052124",
            "tags": {
              "Name": "omnibus-eks-cluster-igw"
            },
            "tags_all": {
              "Name": "omnibus-eks-cluster-igw"
            },
            "timeouts": null,
            "vpc_id": "vpc-02a7612f51e47914f"
          },
          "sensitive_attributes": [],
          "identity_schema_version": 0,
          "private": "eyJlMmJmYjczMC1lY2FhLTExZTYtOGY4OC0zNDM2M2JjN2M0YzAiOnsiY3JlYXRlIjoxMjAwMDAwMDAwMDAwLCJkZWxldGUiOjEyMDAwMDAwMDAwMDAsInVwZGF0ZSI6MTIwMDAwMDAwMDAwMH19",
          "dependencies": [
            "aws_vpc.main"
          ]
        }
      ]
    },
    {
      "mode": "managed",
      "type": "aws_route_table",
      "name": "public",
      "provider": "provider[\"registry.terraform.io/hashicorp/aws\"]",
      "instances": [
        {
          "schema_version": 0,
          "attributes": {
            "arn": "arn:aws:ec2:us-east-1:190444052124:route-table/rtb-0101ea5bc200b55b6",
            "id": "rtb-0101ea5bc200b55b6",
            "owner_id": "190444052124",
            "propagating_vgws": [],
            "route": [
              {
                "carrier_gateway_id": "",
                "cidr_block": "0.0.0.0/0",
                "core_network_arn": "",
                "destination_prefix_list_id": "",
                "egress_only_gateway_id": "",
                "gateway_id": "igw-08d0ee0afd4b35600",
                "ipv6_cidr_block": "",
                "local_gateway_id": "",
                "nat_gateway_id": "",
                "network_interface_id": "",
                "transit_gateway_id": "",
                "vpc_endpoint_id": "",
                "vpc_peering_connection_id": ""
              }
            ],
            "tags": {
              "Name": "omnibus-eks-cluster-public-rt"
            },
            "tags_all": {
              "Name": "omnibus-eks-cluster-public-rt"
            },
            "timeouts": null,
            "vpc_id": "vpc-02a7612f51e47914f"
          },
          "sensitive_attributes": [],
          "identity_schema_version": 0,
          "private": "eyJlMmJmYjczMC1lY2FhLTExZTYtOGY4OC0zNDM2M2JjN2M0YzAiOnsiY3JlYXRlIjozMDAwMDAwMDAwMDAsImRlbGV0ZSI6MzAwMDAwMDAwMDAwLCJ1cGRhdGUiOjEyMDAwMDAwMDAwMH19",
          "dependencies": [
            "aws_internet_gateway.main",
            "aws_vpc.main"
          ]
        }
      ]
    },
    {
      "mode": "managed",
      "type": "aws_route_table_association",
      "name": "public",
      "provider": "provider[\"registry.terraform.io/hashicorp/aws\"]",
      "instances": [
        {
          "index_key": "0",
          "schema_version": 0,
          "attributes": {
            "gateway_id": "",
            "id": "rtbassoc-0bcba84d21b35e071",
            "route_table_id": "rtb-0101ea5bc200b55b6",
            "subnet_id": "subnet-000cd0eabbf1d2bb6",
            "timeouts": null
          },
          "sensitive_attributes": [],
          "identity_schema_version": 0,
          "private": "eyJlMmJmYjczMC1lY2FhLTExZTYtOGY4OC0zNDM2M2JjN2M0YzAiOnsiY3JlYXRlIjozMDAwMDAwMDAwMDAsImRlbGV0ZSI6MzAwMDAwMDAwMDAwLCJ1cGRhdGUiOjEyMDAwMDAwMDAwMH19",
          "dependencies": [
            "aws_internet_gateway.main",
            "aws_route_table.public",
            "aws_subnet.public",
            "aws_vpc.main",
            "data.aws_availability_zones.available"
          ]
        },
        {
          "index_key": "1",
          "schema_version": 0,
          "attributes": {
            "gateway_id": "",
            "id": "rtbassoc-040c6be96bbef53d1",
            "route_table_id": "rtb-0101ea5bc200b55b6",
            "subnet_id": "subnet-00ba81cccdea3453d",
            "timeouts": null
          },
          "sensitive_attributes": [],
          "identity_schema_version": 0,
          "private": "eyJlMmJmYjczMC1lY2FhLTExZTYtOGY4OC0zNDM2M2JjN2M0YzAiOnsiY3JlYXRlIjozMDAwMDAwMDAwMDAsImRlbGV0ZSI6MzAwMDAwMDAwMDAwLCJ1cGRhdGUiOjEyMDAwMDAwMDAwMH19",
          "dependencies": [
            "aws_internet_gateway.main",
            "aws_route_table.public",
            "aws_subnet.public",
            "aws_vpc.main",
            "data.aws_availability_zones.available"
          ]
        },
        {
          "index_key": "2",
          "schema_version": 0,
          "attributes": {
            "gateway_id": "",
            "id": "rtbassoc-046fe9ffc4e5215f0",
            "route_table_id": "rtb-0101ea5bc200b55b6",
            "subnet_id": "subnet-0e8f1a5476aae2726",
            "timeouts": null
          },
          "sensitive_attributes": [],
          "identity_schema_version": 0,
          "private": "eyJlMmJmYjczMC1lY2FhLTExZTYtOGY4OC0zNDM2M2JjN2M0YzAiOnsiY3JlYXRlIjozMDAwMDAwMDAwMDAsImRlbGV0ZSI6MzAwMDAwMDAwMDAwLCJ1cGRhdGUiOjEyMDAwMDAwMDAwMH19",
          "dependencies": [
            "aws_internet_gateway.main",
            "aws_route_table.public",
            "aws_subnet.public",
            "aws_vpc.main",
            "data.aws_availability_zones.available"
          ]
        }
      ]
    },
    {
      "mode": "managed",
      "type": "aws_security_group",
      "name": "eks_cluster",
      "provider": "provider[\"registry.terraform.io/hashicorp/aws\"]",
      "instances": [
        {
          "schema_version": 1,
          "attributes": {
            "arn": "arn:aws:ec2:us-east-1:190444052124:security-group/sg-0579e3f3620a6cf71",
            "description": "Security group for EKS cluster control plane",
            "egress": [
              {
                "cidr_blocks": [
                  "0.0.0.0/0"
                ],
                "description": "",
                "from_port": 0,
                "ipv6_cidr_blocks": [],
                "prefix_list_ids": [],
                "protocol": "-1",
                "security_groups": [],
                "self": false,
                "to_port": 0
              }
            ],
            "id": "sg-0579e3f3620a6cf71",
            "ingress": [
              {
                "cidr_blocks": [
                  "0.0.0.0/0"
                ],
                "description": "",
                "from_port": 443,
                "ipv6_cidr_blocks": [],
                "prefix_list_ids": [],
                "protocol": "tcp",
                "security_groups": [],
                "self": false,
                "to_port": 443
              }
            ],
            "name": "omnibus-eks-cluster-cluster-sg",
            "name_prefix": "",
            "owner_id": "190444052124",
            "revoke_rules_on_delete": false,
            "tags": {
              "Name": "omnibus-eks-cluster-cluster-sg"
            },
            "tags_all": {
              "Name": "omnibus-eks-cluster-cluster-sg"
            },
            "timeouts": null,
            "vpc_id": "vpc-02a7612f51e47914f"
          },
          "sensitive_attributes": [],
          "identity_schema_version": 0,
          "private": "eyJlMmJmYjczMC1lY2FhLTExZTYtOGY4OC0zNDM2M2JjN2M0YzAiOnsiY3JlYXRlIjo2MDAwMDAwMDAwMDAsImRlbGV0ZSI6OTAwMDAwMDAwMDAwfSwic2NoZW1hX3ZlcnNpb24iOiIxIn0=",
          "dependencies": [
            "aws_vpc.main"
          ]
        }
      ]
    },
    {
      "mode": "managed",
      "type": "aws_subnet",
      "name": "public",
      "provider": "provider[\"registry.terraform.io/hashicorp/aws\"]",
      "instances": [
        {
          "index_key": "0",
          "schema_version": 1,
          "attributes": {
            "arn": "arn:aws:ec2:us-east-1:190444052124:subnet/subnet-000cd0eabbf1d2bb6",
            "assign_ipv6_address_on_creation": false,
            "availability_zone": "us-east-1a",
            "availability_zone_id": "use1-az1",
            "cidr_block": "10.0.1.0/24",
            "customer_owned_ipv4_pool": "",
            "enable_dns64": false,
            "enable_lni_at_device_index": 0,
            "enable_resource_name_dns_a_record_on_launch": false,
            "enable_resource_name_dns_aaaa_record_on_launch": false,
            "id": "subnet-000cd0eabbf1d2bb6",
            "ipv6_cidr_block": "",
            "ipv6_cidr_block_association_id": "",
            "ipv6_native": false,
            "map_customer_owned_ip_on_launch": false,
            "map_public_ip_on_launch": true,
            "outpost_arn": "",
            "owner_id": "190444052124",
            "private_dns_hostname_type_on_launch": "ip-name",
            "tags": {
              "Name": "omnibus-eks-cluster-public-10.0.1.0/24"
            },
            "tags_all": {
              "Name": "omnibus-eks-cluster-public-10.0.1.0/24"
            },
            "timeouts": null,
            "vpc_id": "vpc-02a7612f51e47914f"
          },
          "sensitive_attributes": [],
          "identity_schema_version": 0,
          "private": "eyJlMmJmYjczMC1lY2FhLTExZTYtOGY4OC0zNDM2M2JjN2M0YzAiOnsiY3JlYXRlIjo2MDAwMDAwMDAwMDAsImRlbGV0ZSI6MTIwMDAwMDAwMDAwMH0sInNjaGVtYV92ZXJzaW9uIjoiMSJ9",
          "dependencies": [
            "aws_vpc.main",
            "data.aws_availability_zones.available"
          ]
        },
        {
          "index_key": "1",
          "schema_version": 1,
          "attributes": {
            "arn": "arn:aws:ec2:us-east-1:190444052124:subnet/subnet-00ba81cccdea3453d",
            "assign_ipv6_address_on_creation": false,
            "availability_zone": "us-east-1b",
            "availability_zone_id": "use1-az2",
            "cidr_block": "10.0.2.0/24",
            "customer_owned_ipv4_pool": "",
            "enable_dns64": false,
            "enable_lni_at_device_index": 0,
            "enable_resource_name_dns_a_record_on_launch": false,
            "enable_resource_name_dns_aaaa_record_on_launch": false,
            "id": "subnet-00ba81cccdea3453d",
            "ipv6_cidr_block": "",
            "ipv6_cidr_block_association_id": "",
            "ipv6_native": false,
            "map_customer_owned_ip_on_launch": false,
            "map_public_ip_on_launch": true,
            "outpost_arn": "",
            "owner_id": "190444052124",
            "private_dns_hostname_type_on_launch": "ip-name",
            "tags": {
              "Name": "omnibus-eks-cluster-public-10.0.2.0/24"
            },
            "tags_all": {
              "Name": "omnibus-eks-cluster-public-10.0.2.0/24"
            },
            "timeouts": null,
            "vpc_id": "vpc-02a7612f51e47914f"
          },
          "sensitive_attributes": [],
          "identity_schema_version": 0,
          "private": "eyJlMmJmYjczMC1lY2FhLTExZTYtOGY4OC0zNDM2M2JjN2M0YzAiOnsiY3JlYXRlIjo2MDAwMDAwMDAwMDAsImRlbGV0ZSI6MTIwMDAwMDAwMDAwMH0sInNjaGVtYV92ZXJzaW9uIjoiMSJ9",
          "dependencies": [
            "aws_vpc.main",
            "data.aws_availability_zones.available"
          ]
        },
        {
          "index_key": "2",
          "schema_version": 1,
          "attributes": {
            "arn": "arn:aws:ec2:us-east-1:190444052124:subnet/subnet-0e8f1a5476aae2726",
            "assign_ipv6_address_on_creation": false,
            "availability_zone": "us-east-1c",
            "availability_zone_id": "use1-az4",
            "cidr_block": "10.0.3.0/24",
            "customer_owned_ipv4_pool": "",
            "enable_dns64": false,
            "enable_lni_at_device_index": 0,
            "enable_resource_name_dns_a_record_on_launch": false,
            "enable_resource_name_dns_aaaa_record_on_launch": false,
            "id": "subnet-0e8f1a5476aae2726",
            "ipv6_cidr_block": "",
            "ipv6_cidr_block_association_id": "",
            "ipv6_native": false,
            "map_customer_owned_ip_on_launch": false,
            "map_public_ip_on_launch": true,
            "outpost_arn": "",
            "owner_id": "190444052124",
            "private_dns_hostname_type_on_launch": "ip-name",
            "tags": {
              "Name": "omnibus-eks-cluster-public-10.0.3.0/24"
            },
            "tags_all": {
              "Name": "omnibus-eks-cluster-public-10.0.3.0/24"
            },
            "timeouts": null,
            "vpc_id": "vpc-02a7612f51e47914f"
          },
          "sensitive_attributes": [],
          "identity_schema_version": 0,
          "private": "eyJlMmJmYjczMC1lY2FhLTExZTYtOGY4OC0zNDM2M2JjN2M0YzAiOnsiY3JlYXRlIjo2MDAwMDAwMDAwMDAsImRlbGV0ZSI6MTIwMDAwMDAwMDAwMH0sInNjaGVtYV92ZXJzaW9uIjoiMSJ9",
          "dependencies": [
            "aws_vpc.main",
            "data.aws_availability_zones.available"
          ]
        }
      ]
    },
    {
      "mode": "managed",
      "type": "aws_vpc",
      "name": "main",
      "provider": "provider[\"registry.terraform.io/hashicorp/aws\"]",
      "instances": [
        {
          "schema_version": 1,
          "attributes": {
            "arn": "arn:aws:ec2:us-east-1:190444052124:vpc/vpc-02a7612f51e47914f",
            "assign_generated_ipv6_cidr_block": false,
            "cidr_block": "10.0.0.0/16",
            "default_network_acl_id": "acl-0856b8fb881dc3298",
            "default_route_table_id": "rtb-01bbc5489affad0ff",
            "default_security_group_id": "sg-03c36169abee91450",
            "dhcp_options_id": "dopt-043c6877c0a1d9376",
            "enable_dns_hostnames": true,
            "enable_dns_support": true,
            "enable_network_address_usage_metrics": false,
            "id": "vpc-02a7612f51e47914f",
            "instance_tenancy": "default",
            "ipv4_ipam_pool_id": null,
            "ipv4_netmask_length": null,
            "ipv6_association_id": "",
            "ipv6_cidr_block": "",
            "ipv6_cidr_block_network_border_group": "",
            "ipv6_ipam_pool_id": "",
            "ipv6_netmask_length": 0,
            "main_route_table_id": "rtb-01bbc5489affad0ff",
            "owner_id": "190444052124",
            "tags": {
              "Name": "omnibus-eks-cluster-vpc"
            },
            "tags_all": {
              "Name": "omnibus-eks-cluster-vpc"
            }
          },
          "sensitive_attributes": [],
          "identity_schema_version": 0,
          "private": "eyJzY2hlbWFfdmVyc2lvbiI6IjEifQ=="
        }
      ]
    }
  ],
  "check_results": null
}
